
Microsoft Visual Studio Solution File, Format Version 12.00
# Visual Studio 2013
VisualStudioVersion = 12.0.31101.0
MinimumVisualStudioVersion = 10.0.40219.1
Project("{FAE04EC0-301F-11D3-BF4B-00C04F79EFBC}") = "TeacherControl3", "TeacherControl3\TeacherControl3.csproj", "{F036E98A-6352-486E-BF8F-802E3506976D}"
EndProject
Project("{FAE04EC0-301F-11D3-BF4B-00C04F79EFBC}") = "DAL", "DAL\DAL.csproj", "{941793AA-42C5-4D31-ADEE-0289244AE944}"
EndProject
Project("{FAE04EC0-301F-11D3-BF4B-00C04F79EFBC}") = "BLL", "BLL\BLL.csproj", "{C3BBA75F-8D61-46DD-96C3-3DB5435C4533}"
EndProject
Global
	GlobalSection(SolutionConfigurationPlatforms) = preSolution
		Debug|Any CPU = Debug|Any CPU
		Release|Any CPU = Release|Any CPU
	EndGlobalSection
	GlobalSection(ProjectConfigurationPlatforms) = postSolution
		{F036E98A-6352-486E-BF8F-802E3506976D}.Debug|Any CPU.ActiveCfg = Debug|Any CPU
		{F036E98A-6352-486E-BF8F-802E3506976D}.Debug|Any CPU.Build.0 = Debug|Any CPU
		{F036E98A-6352-486E-BF8F-802E3506976D}.Release|Any CPU.ActiveCfg = Release|Any CPU
		{F036E98A-6352-486E-BF8F-802E3506976D}.Release|Any CPU.Build.0 = Release|Any CPU
		{941793AA-42C5-4D31-ADEE-0289244AE944}.Debug|Any CPU.ActiveCfg = Debug|Any CPU
		{941793AA-42C5-4D31-ADEE-0289244AE944}.Debug|Any CPU.Build.0 = Debug|Any CPU
		{941793AA-42C5-4D31-ADEE-0289244AE944}.Release|Any CPU.ActiveCfg = Release|Any CPU
		{941793AA-42C5-4D31-ADEE-0289244AE944}.Release|Any CPU.Build.0 = Release|Any CPU
		{C3BBA75F-8D61-46DD-96C3-3DB5435C4533}.Debug|Any CPU.ActiveCfg = Debug|Any CPU
		{C3BBA75F-8D61-46DD-96C3-3DB5435C4533}.Debug|Any CPU.Build.0 = Debug|Any CPU
		{C3BBA75F-8D61-46DD-96C3-3DB5435C4533}.Release|Any CPU.ActiveCfg = Release|Any CPU
		{C3BBA75F-8D61-46DD-96C3-3DB5435C4533}.Release|Any CPU.Build.0 = Release|Any CPU
	EndGlobalSection
	GlobalSection(SolutionProperties) = preSolution
		HideSolutionNode = FALSE
	EndGlobalSection
EndGlobal
